
Microsoft Visual Studio Solution File, Format Version 12.00
# Visual Studio Version 17
VisualStudioVersion = 17.5.33530.505
MinimumVisualStudioVersion = 10.0.40219.1
Project("{9A19103F-16F7-4668-BE54-9A1E7A4F7556}") = "Core", "Core\Core.csproj", "{65C30849-1552-42E6-B17A-D1AF2F037591}"
EndProject
Project("{9A19103F-16F7-4668-BE54-9A1E7A4F7556}") = "Tester", "Tester\Tester.csproj", "{D0E8331C-B12D-41C1-B534-18F4E5E2ACC8}"
EndProject
Project("{9A19103F-16F7-4668-BE54-9A1E7A4F7556}") = "TextAnalysis", "TextAnalysis\TextAnalysis.csproj", "{3D0774F9-DB7F-4115-85B2-1FFFA89D3ABA}"
EndProject
Project("{2150E333-8FDC-42A3-9474-1A3956D46DE8}") = "Module TextAnalysis", "Module TextAnalysis", "{E1F2863C-395A-4CE9-9AA6-336546FBEE31}"
EndProject
Project("{2150E333-8FDC-42A3-9474-1A3956D46DE8}") = "Module Core", "Module Core", "{E3DCAE57-CB1D-4755-A2AC-D899DEE8FB35}"
EndProject
Project("{2150E333-8FDC-42A3-9474-1A3956D46DE8}") = "Module Web", "Module Web", "{83F96F55-198E-46D4-89A7-8C3B51A5E3D8}"
EndProject
Project("{2150E333-8FDC-42A3-9474-1A3956D46DE8}") = "Project Webql", "Project Webql", "{10F06D05-5829-4001-A06D-7113605C9AA3}"
EndProject
Project("{9A19103F-16F7-4668-BE54-9A1E7A4F7556}") = "Webql", "Webql\Webql.csproj", "{A90FF1B6-CE0D-4F09-8285-D127B0EE9843}"
EndProject
Project("{9A19103F-16F7-4668-BE54-9A1E7A4F7556}") = "WebTester", "WebTester\WebTester.csproj", "{D433DEC5-DE3C-4617-B37C-9EBF2CDACC58}"
EndProject
Project("{FAE04EC0-301F-11D3-BF4B-00C04F79EFBC}") = "Web", "Web\Web.csproj", "{BD7487A4-9B87-4C81-9BF8-9DB58696422E}"
EndProject
Global
	GlobalSection(SolutionConfigurationPlatforms) = preSolution
		Debug|Any CPU = Debug|Any CPU
		Release|Any CPU = Release|Any CPU
	EndGlobalSection
	GlobalSection(ProjectConfigurationPlatforms) = postSolution
		{65C30849-1552-42E6-B17A-D1AF2F037591}.Debug|Any CPU.ActiveCfg = Debug|Any CPU
		{65C30849-1552-42E6-B17A-D1AF2F037591}.Debug|Any CPU.Build.0 = Debug|Any CPU
		{65C30849-1552-42E6-B17A-D1AF2F037591}.Release|Any CPU.ActiveCfg = Release|Any CPU
		{65C30849-1552-42E6-B17A-D1AF2F037591}.Release|Any CPU.Build.0 = Release|Any CPU
		{D0E8331C-B12D-41C1-B534-18F4E5E2ACC8}.Debug|Any CPU.ActiveCfg = Debug|Any CPU
		{D0E8331C-B12D-41C1-B534-18F4E5E2ACC8}.Debug|Any CPU.Build.0 = Debug|Any CPU
		{D0E8331C-B12D-41C1-B534-18F4E5E2ACC8}.Release|Any CPU.ActiveCfg = Release|Any CPU
		{D0E8331C-B12D-41C1-B534-18F4E5E2ACC8}.Release|Any CPU.Build.0 = Release|Any CPU
		{3D0774F9-DB7F-4115-85B2-1FFFA89D3ABA}.Debug|Any CPU.ActiveCfg = Debug|Any CPU
		{3D0774F9-DB7F-4115-85B2-1FFFA89D3ABA}.Debug|Any CPU.Build.0 = Debug|Any CPU
		{3D0774F9-DB7F-4115-85B2-1FFFA89D3ABA}.Release|Any CPU.ActiveCfg = Release|Any CPU
		{3D0774F9-DB7F-4115-85B2-1FFFA89D3ABA}.Release|Any CPU.Build.0 = Release|Any CPU
		{A90FF1B6-CE0D-4F09-8285-D127B0EE9843}.Debug|Any CPU.ActiveCfg = Debug|Any CPU
		{A90FF1B6-CE0D-4F09-8285-D127B0EE9843}.Debug|Any CPU.Build.0 = Debug|Any CPU
		{A90FF1B6-CE0D-4F09-8285-D127B0EE9843}.Release|Any CPU.ActiveCfg = Release|Any CPU
		{A90FF1B6-CE0D-4F09-8285-D127B0EE9843}.Release|Any CPU.Build.0 = Release|Any CPU
		{D433DEC5-DE3C-4617-B37C-9EBF2CDACC58}.Debug|Any CPU.ActiveCfg = Debug|Any CPU
		{D433DEC5-DE3C-4617-B37C-9EBF2CDACC58}.Debug|Any CPU.Build.0 = Debug|Any CPU
		{D433DEC5-DE3C-4617-B37C-9EBF2CDACC58}.Release|Any CPU.ActiveCfg = Release|Any CPU
		{D433DEC5-DE3C-4617-B37C-9EBF2CDACC58}.Release|Any CPU.Build.0 = Release|Any CPU
		{BD7487A4-9B87-4C81-9BF8-9DB58696422E}.Debug|Any CPU.ActiveCfg = Debug|Any CPU
		{BD7487A4-9B87-4C81-9BF8-9DB58696422E}.Debug|Any CPU.Build.0 = Debug|Any CPU
		{BD7487A4-9B87-4C81-9BF8-9DB58696422E}.Release|Any CPU.ActiveCfg = Release|Any CPU
		{BD7487A4-9B87-4C81-9BF8-9DB58696422E}.Release|Any CPU.Build.0 = Release|Any CPU
	EndGlobalSection
	GlobalSection(SolutionProperties) = preSolution
		HideSolutionNode = FALSE
	EndGlobalSection
	GlobalSection(NestedProjects) = preSolution
		{65C30849-1552-42E6-B17A-D1AF2F037591} = {E3DCAE57-CB1D-4755-A2AC-D899DEE8FB35}
		{D0E8331C-B12D-41C1-B534-18F4E5E2ACC8} = {E3DCAE57-CB1D-4755-A2AC-D899DEE8FB35}
		{3D0774F9-DB7F-4115-85B2-1FFFA89D3ABA} = {E1F2863C-395A-4CE9-9AA6-336546FBEE31}
		{A90FF1B6-CE0D-4F09-8285-D127B0EE9843} = {10F06D05-5829-4001-A06D-7113605C9AA3}
		{D433DEC5-DE3C-4617-B37C-9EBF2CDACC58} = {83F96F55-198E-46D4-89A7-8C3B51A5E3D8}
		{BD7487A4-9B87-4C81-9BF8-9DB58696422E} = {83F96F55-198E-46D4-89A7-8C3B51A5E3D8}
	EndGlobalSection
	GlobalSection(ExtensibilityGlobals) = postSolution
		SolutionGuid = {943C4681-2FBC-4035-A5D9-7828FFF86D3A}
	EndGlobalSection
EndGlobal
